// !$*UTF8*$!
{
	archiveVersion = 1;
	classes = {
	};
	objectVersion = 50;
	objects = {

/* Begin PBXBuildFile section */
		7EE821FD223BF8400094C643 /* AppDelegate.swift in Sources */ = {isa = PBXBuildFile; fileRef = 7EE821FC223BF8400094C643 /* AppDelegate.swift */; };
		7EE82202223BF8400094C643 /* RJ_Downloader.xcdatamodeld in Sources */ = {isa = PBXBuildFile; fileRef = 7EE82200223BF8400094C643 /* RJ_Downloader.xcdatamodeld */; };
		7EE82204223BF8410094C643 /* Assets.xcassets in Resources */ = {isa = PBXBuildFile; fileRef = 7EE82203223BF8410094C643 /* Assets.xcassets */; };
		7EE82207223BF8410094C643 /* Main.storyboard in Resources */ = {isa = PBXBuildFile; fileRef = 7EE82205223BF8410094C643 /* Main.storyboard */; };
		7EE82214223C062E0094C643 /* StatusBarViewController.swift in Sources */ = {isa = PBXBuildFile; fileRef = 7EE82212223C062E0094C643 /* StatusBarViewController.swift */; };
		7EE82217223C10530094C643 /* Downloader.swift in Sources */ = {isa = PBXBuildFile; fileRef = 7EE82216223C10530094C643 /* Downloader.swift */; };
		7EE82219223C1DB00094C643 /* PathManager.swift in Sources */ = {isa = PBXBuildFile; fileRef = 7EE82218223C1DB00094C643 /* PathManager.swift */; };
		7EE8221B223C2AA90094C643 /* Global.swift in Sources */ = {isa = PBXBuildFile; fileRef = 7EE8221A223C2AA90094C643 /* Global.swift */; };
		7EE8221E223D8A1D0094C643 /* NSProgressView.swift in Sources */ = {isa = PBXBuildFile; fileRef = 7EE8221D223D8A1D0094C643 /* NSProgressView.swift */; };
		7EE82222223D93F10094C643 /* XibProgressView.xib in Resources */ = {isa = PBXBuildFile; fileRef = 7EE82221223D93F10094C643 /* XibProgressView.xib */; };
		7EE82224223DA3020094C643 /* NSBaseView.swift in Sources */ = {isa = PBXBuildFile; fileRef = 7EE82223223DA3020094C643 /* NSBaseView.swift */; };
		7EE82226223E25BD0094C643 /* XibQueryView.xib in Resources */ = {isa = PBXBuildFile; fileRef = 7EE82225223E25BD0094C643 /* XibQueryView.xib */; };
		7EE82228223E2BB00094C643 /* NSQueryView.swift in Sources */ = {isa = PBXBuildFile; fileRef = 7EE82227223E2BB00094C643 /* NSQueryView.swift */; };
		7EE8222F223E6F7A0094C643 /* QueryViewController.swift in Sources */ = {isa = PBXBuildFile; fileRef = 7EE8222E223E6F7A0094C643 /* QueryViewController.swift */; };
		7EE82232223E6F8A0094C643 /* ProgressViewController.swift in Sources */ = {isa = PBXBuildFile; fileRef = 7EE82230223E6F8A0094C643 /* ProgressViewController.swift */; };
		7EE82235223EC4490094C643 /* Extension.swift in Sources */ = {isa = PBXBuildFile; fileRef = 7EE82234223EC4490094C643 /* Extension.swift */; };
		7EE82237223ED0ED0094C643 /* MetadataResolver.swift in Sources */ = {isa = PBXBuildFile; fileRef = 7EE82236223ED0ED0094C643 /* MetadataResolver.swift */; };
		7EE82239223ED1C70094C643 /* Music.swift in Sources */ = {isa = PBXBuildFile; fileRef = 7EE82238223ED1C70094C643 /* Music.swift */; };
		7EE8223B223F87040094C643 /* NSMusicCell.swift in Sources */ = {isa = PBXBuildFile; fileRef = 7EE8223A223F87040094C643 /* NSMusicCell.swift */; };
		7EE82245224122F00094C643 /* NoHistoryViewController.swift in Sources */ = {isa = PBXBuildFile; fileRef = 7EE82244224122F00094C643 /* NoHistoryViewController.swift */; };
		7EE822482241232C0094C643 /* HistorySongsViewController.swift in Sources */ = {isa = PBXBuildFile; fileRef = 7EE822462241232C0094C643 /* HistorySongsViewController.swift */; };
		7EE8224B2241378D0094C643 /* AboutViewController.swift in Sources */ = {isa = PBXBuildFile; fileRef = 7EE8224A2241378D0094C643 /* AboutViewController.swift */; };
/* End PBXBuildFile section */

/* Begin PBXFileReference section */
		7EE821F9223BF8400094C643 /* RJ Downloader.app */ = {isa = PBXFileReference; explicitFileType = wrapper.application; includeInIndex = 0; path = "RJ Downloader.app"; sourceTree = BUILT_PRODUCTS_DIR; };
		7EE821FC223BF8400094C643 /* AppDelegate.swift */ = {isa = PBXFileReference; lastKnownFileType = sourcecode.swift; path = AppDelegate.swift; sourceTree = "<group>"; };
		7EE82201223BF8400094C643 /* RJ_Downloader.xcdatamodel */ = {isa = PBXFileReference; lastKnownFileType = wrapper.xcdatamodel; path = RJ_Downloader.xcdatamodel; sourceTree = "<group>"; };
		7EE82203223BF8410094C643 /* Assets.xcassets */ = {isa = PBXFileReference; lastKnownFileType = folder.assetcatalog; path = Assets.xcassets; sourceTree = "<group>"; };
		7EE82206223BF8410094C643 /* Base */ = {isa = PBXFileReference; lastKnownFileType = file.storyboard; name = Base; path = Base.lproj/Main.storyboard; sourceTree = "<group>"; };
		7EE82208223BF8410094C643 /* Info.plist */ = {isa = PBXFileReference; lastKnownFileType = text.plist.xml; path = Info.plist; sourceTree = "<group>"; };
		7EE82209223BF8410094C643 /* RJ_Downloader.entitlements */ = {isa = PBXFileReference; lastKnownFileType = text.plist.entitlements; path = RJ_Downloader.entitlements; sourceTree = "<group>"; };
		7EE8220F223BF9230094C643 /* RJ Downloader.entitlements */ = {isa = PBXFileReference; lastKnownFileType = text.plist.entitlements; path = "RJ Downloader.entitlements"; sourceTree = "<group>"; };
		7EE82212223C062E0094C643 /* StatusBarViewController.swift */ = {isa = PBXFileReference; lastKnownFileType = sourcecode.swift; path = StatusBarViewController.swift; sourceTree = "<group>"; };
		7EE82216223C10530094C643 /* Downloader.swift */ = {isa = PBXFileReference; lastKnownFileType = sourcecode.swift; path = Downloader.swift; sourceTree = "<group>"; };
		7EE82218223C1DB00094C643 /* PathManager.swift */ = {isa = PBXFileReference; lastKnownFileType = sourcecode.swift; path = PathManager.swift; sourceTree = "<group>"; };
		7EE8221A223C2AA90094C643 /* Global.swift */ = {isa = PBXFileReference; lastKnownFileType = sourcecode.swift; path = Global.swift; sourceTree = "<group>"; };
		7EE8221D223D8A1D0094C643 /* NSProgressView.swift */ = {isa = PBXFileReference; lastKnownFileType = sourcecode.swift; path = NSProgressView.swift; sourceTree = "<group>"; };
		7EE82221223D93F10094C643 /* XibProgressView.xib */ = {isa = PBXFileReference; lastKnownFileType = file.xib; path = XibProgressView.xib; sourceTree = "<group>"; };
		7EE82223223DA3020094C643 /* NSBaseView.swift */ = {isa = PBXFileReference; lastKnownFileType = sourcecode.swift; path = NSBaseView.swift; sourceTree = "<group>"; };
		7EE82225223E25BD0094C643 /* XibQueryView.xib */ = {isa = PBXFileReference; lastKnownFileType = file.xib; path = XibQueryView.xib; sourceTree = "<group>"; };
		7EE82227223E2BB00094C643 /* NSQueryView.swift */ = {isa = PBXFileReference; lastKnownFileType = sourcecode.swift; path = NSQueryView.swift; sourceTree = "<group>"; };
		7EE8222E223E6F7A0094C643 /* QueryViewController.swift */ = {isa = PBXFileReference; lastKnownFileType = sourcecode.swift; path = QueryViewController.swift; sourceTree = "<group>"; };
		7EE82230223E6F8A0094C643 /* ProgressViewController.swift */ = {isa = PBXFileReference; lastKnownFileType = sourcecode.swift; path = ProgressViewController.swift; sourceTree = "<group>"; };
		7EE82234223EC4490094C643 /* Extension.swift */ = {isa = PBXFileReference; lastKnownFileType = sourcecode.swift; path = Extension.swift; sourceTree = "<group>"; };
		7EE82236223ED0ED0094C643 /* MetadataResolver.swift */ = {isa = PBXFileReference; lastKnownFileType = sourcecode.swift; path = MetadataResolver.swift; sourceTree = "<group>"; };
		7EE82238223ED1C70094C643 /* Music.swift */ = {isa = PBXFileReference; lastKnownFileType = sourcecode.swift; path = Music.swift; sourceTree = "<group>"; };
		7EE8223A223F87040094C643 /* NSMusicCell.swift */ = {isa = PBXFileReference; lastKnownFileType = sourcecode.swift; path = NSMusicCell.swift; sourceTree = "<group>"; };
		7EE82244224122F00094C643 /* NoHistoryViewController.swift */ = {isa = PBXFileReference; lastKnownFileType = sourcecode.swift; path = NoHistoryViewController.swift; sourceTree = "<group>"; };
		7EE822462241232C0094C643 /* HistorySongsViewController.swift */ = {isa = PBXFileReference; lastKnownFileType = sourcecode.swift; path = HistorySongsViewController.swift; sourceTree = "<group>"; };
		7EE8224A2241378D0094C643 /* AboutViewController.swift */ = {isa = PBXFileReference; lastKnownFileType = sourcecode.swift; path = AboutViewController.swift; sourceTree = "<group>"; };
/* End PBXFileReference section */

/* Begin PBXFrameworksBuildPhase section */
		7EE821F6223BF8400094C643 /* Frameworks */ = {
			isa = PBXFrameworksBuildPhase;
			buildActionMask = 2147483647;
			files = (
			);
			runOnlyForDeploymentPostprocessing = 0;
		};
/* End PBXFrameworksBuildPhase section */

/* Begin PBXGroup section */
		7EE821F0223BF83F0094C643 = {
			isa = PBXGroup;
			children = (
				7EE821FB223BF8400094C643 /* RJ Downloader */,
				7EE821FA223BF8400094C643 /* Products */,
			);
			sourceTree = "<group>";
		};
		7EE821FA223BF8400094C643 /* Products */ = {
			isa = PBXGroup;
			children = (
				7EE821F9223BF8400094C643 /* RJ Downloader.app */,
			);
			name = Products;
			sourceTree = "<group>";
		};
		7EE821FB223BF8400094C643 /* RJ Downloader */ = {
			isa = PBXGroup;
			children = (
				7EE8222D223E6F5D0094C643 /* ViewController */,
				7EE8221C223D89DD0094C643 /* Views */,
				7EE8220F223BF9230094C643 /* RJ Downloader.entitlements */,
				7EE821FC223BF8400094C643 /* AppDelegate.swift */,
				7EE82203223BF8410094C643 /* Assets.xcassets */,
				7EE82205223BF8410094C643 /* Main.storyboard */,
				7EE82208223BF8410094C643 /* Info.plist */,
				7EE82209223BF8410094C643 /* RJ_Downloader.entitlements */,
				7EE82200223BF8400094C643 /* RJ_Downloader.xcdatamodeld */,
				7EE82212223C062E0094C643 /* StatusBarViewController.swift */,
				7EE82216223C10530094C643 /* Downloader.swift */,
				7EE82218223C1DB00094C643 /* PathManager.swift */,
				7EE8221A223C2AA90094C643 /* Global.swift */,
				7EE82234223EC4490094C643 /* Extension.swift */,
				7EE82236223ED0ED0094C643 /* MetadataResolver.swift */,
				7EE82238223ED1C70094C643 /* Music.swift */,
				7EE8223A223F87040094C643 /* NSMusicCell.swift */,
			);
			path = "RJ Downloader";
			sourceTree = "<group>";
		};
		7EE8221C223D89DD0094C643 /* Views */ = {
			isa = PBXGroup;
			children = (
				7EE8221D223D8A1D0094C643 /* NSProgressView.swift */,
				7EE82221223D93F10094C643 /* XibProgressView.xib */,
				7EE82223223DA3020094C643 /* NSBaseView.swift */,
				7EE82225223E25BD0094C643 /* XibQueryView.xib */,
				7EE82227223E2BB00094C643 /* NSQueryView.swift */,
			);
			path = Views;
			sourceTree = "<group>";
		};
		7EE8222D223E6F5D0094C643 /* ViewController */ = {
			isa = PBXGroup;
			children = (
				7EE8222E223E6F7A0094C643 /* QueryViewController.swift */,
				7EE82230223E6F8A0094C643 /* ProgressViewController.swift */,
				7EE82244224122F00094C643 /* NoHistoryViewController.swift */,
				7EE822462241232C0094C643 /* HistorySongsViewController.swift */,
				7EE8224A2241378D0094C643 /* AboutViewController.swift */,
			);
			path = ViewController;
			sourceTree = "<group>";
		};
/* End PBXGroup section */

/* Begin PBXNativeTarget section */
		7EE821F8223BF8400094C643 /* RJ Downloader */ = {
			isa = PBXNativeTarget;
			buildConfigurationList = 7EE8220C223BF8410094C643 /* Build configuration list for PBXNativeTarget "RJ Downloader" */;
			buildPhases = (
				7EE821F5223BF8400094C643 /* Sources */,
				7EE821F6223BF8400094C643 /* Frameworks */,
				7EE821F7223BF8400094C643 /* Resources */,
			);
			buildRules = (
			);
			dependencies = (
			);
			name = "RJ Downloader";
			productName = "RJ Downloader";
			productReference = 7EE821F9223BF8400094C643 /* RJ Downloader.app */;
			productType = "com.apple.product-type.application";
		};
/* End PBXNativeTarget section */

/* Begin PBXProject section */
		7EE821F1223BF83F0094C643 /* Project object */ = {
			isa = PBXProject;
			attributes = {
				LastSwiftUpdateCheck = 1000;
				LastUpgradeCheck = 1000;
				ORGANIZATIONNAME = ImanX;
				TargetAttributes = {
					7EE821F8223BF8400094C643 = {
						CreatedOnToolsVersion = 10.0;
						SystemCapabilities = {
							com.apple.Sandbox = {
								enabled = 1;
							};
						};
					};
				};
			};
			buildConfigurationList = 7EE821F4223BF83F0094C643 /* Build configuration list for PBXProject "RJ Downloader" */;
			compatibilityVersion = "Xcode 9.3";
			developmentRegion = en;
			hasScannedForEncodings = 0;
			knownRegions = (
				en,
				Base,
			);
			mainGroup = 7EE821F0223BF83F0094C643;
			productRefGroup = 7EE821FA223BF8400094C643 /* Products */;
			projectDirPath = "";
			projectRoot = "";
			targets = (
				7EE821F8223BF8400094C643 /* RJ Downloader */,
			);
		};
/* End PBXProject section */

/* Begin PBXResourcesBuildPhase section */
		7EE821F7223BF8400094C643 /* Resources */ = {
			isa = PBXResourcesBuildPhase;
			buildActionMask = 2147483647;
			files = (
				7EE82222223D93F10094C643 /* XibProgressView.xib in Resources */,
				7EE82226223E25BD0094C643 /* XibQueryView.xib in Resources */,
				7EE82204223BF8410094C643 /* Assets.xcassets in Resources */,
				7EE82207223BF8410094C643 /* Main.storyboard in Resources */,
			);
			runOnlyForDeploymentPostprocessing = 0;
		};
/* End PBXResourcesBuildPhase section */

/* Begin PBXSourcesBuildPhase section */
		7EE821F5223BF8400094C643 /* Sources */ = {
			isa = PBXSourcesBuildPhase;
			buildActionMask = 2147483647;
			files = (
				7EE8221E223D8A1D0094C643 /* NSProgressView.swift in Sources */,
				7EE8221B223C2AA90094C643 /* Global.swift in Sources */,
				7EE82239223ED1C70094C643 /* Music.swift in Sources */,
				7EE82228223E2BB00094C643 /* NSQueryView.swift in Sources */,
				7EE82232223E6F8A0094C643 /* ProgressViewController.swift in Sources */,
				7EE82237223ED0ED0094C643 /* MetadataResolver.swift in Sources */,
				7EE82219223C1DB00094C643 /* PathManager.swift in Sources */,
				7EE821FD223BF8400094C643 /* AppDelegate.swift in Sources */,
				7EE82217223C10530094C643 /* Downloader.swift in Sources */,
				7EE8224B2241378D0094C643 /* AboutViewController.swift in Sources */,
				7EE8222F223E6F7A0094C643 /* QueryViewController.swift in Sources */,
				7EE82235223EC4490094C643 /* Extension.swift in Sources */,
				7EE82202223BF8400094C643 /* RJ_Downloader.xcdatamodeld in Sources */,
				7EE82224223DA3020094C643 /* NSBaseView.swift in Sources */,
				7EE82245224122F00094C643 /* NoHistoryViewController.swift in Sources */,
				7EE8223B223F87040094C643 /* NSMusicCell.swift in Sources */,
				7EE822482241232C0094C643 /* HistorySongsViewController.swift in Sources */,
				7EE82214223C062E0094C643 /* StatusBarViewController.swift in Sources */,
			);
			runOnlyForDeploymentPostprocessing = 0;
		};
/* End PBXSourcesBuildPhase section */

/* Begin PBXVariantGroup section */
		7EE82205223BF8410094C643 /* Main.storyboard */ = {
			isa = PBXVariantGroup;
			children = (
				7EE82206223BF8410094C643 /* Base */,
			);
			name = Main.storyboard;
			sourceTree = "<group>";
		};
/* End PBXVariantGroup section */

/* Begin XCBuildConfiguration section */
		7EE8220A223BF8410094C643 /* Debug */ = {
			isa = XCBuildConfiguration;
			buildSettings = {
				ALWAYS_SEARCH_USER_PATHS = NO;
				CLANG_ANALYZER_NONNULL = YES;
				CLANG_ANALYZER_NUMBER_OBJECT_CONVERSION = YES_AGGRESSIVE;
				CLANG_CXX_LANGUAGE_STANDARD = "gnu++14";
				CLANG_CXX_LIBRARY = "libc++";
				CLANG_ENABLE_MODULES = YES;
				CLANG_ENABLE_OBJC_ARC = YES;
				CLANG_ENABLE_OBJC_WEAK = YES;
				CLANG_WARN_BLOCK_CAPTURE_AUTORELEASING = YES;
				CLANG_WARN_BOOL_CONVERSION = YES;
				CLANG_WARN_COMMA = YES;
				CLANG_WARN_CONSTANT_CONVERSION = YES;
				CLANG_WARN_DEPRECATED_OBJC_IMPLEMENTATIONS = YES;
				CLANG_WARN_DIRECT_OBJC_ISA_USAGE = YES_ERROR;
				CLANG_WARN_DOCUMENTATION_COMMENTS = YES;
				CLANG_WARN_EMPTY_BODY = YES;
				CLANG_WARN_ENUM_CONVERSION = YES;
				CLANG_WARN_INFINITE_RECURSION = YES;
				CLANG_WARN_INT_CONVERSION = YES;
				CLANG_WARN_NON_LITERAL_NULL_CONVERSION = YES;
				CLANG_WARN_OBJC_IMPLICIT_RETAIN_SELF = YES;
				CLANG_WARN_OBJC_LITERAL_CONVERSION = YES;
				CLANG_WARN_OBJC_ROOT_CLASS = YES_ERROR;
				CLANG_WARN_RANGE_LOOP_ANALYSIS = YES;
				CLANG_WARN_STRICT_PROTOTYPES = YES;
				CLANG_WARN_SUSPICIOUS_MOVE = YES;
				CLANG_WARN_UNGUARDED_AVAILABILITY = YES_AGGRESSIVE;
				CLANG_WARN_UNREACHABLE_CODE = YES;
				CLANG_WARN__DUPLICATE_METHOD_MATCH = YES;
				CODE_SIGN_IDENTITY = "Mac Developer";
				COPY_PHASE_STRIP = NO;
				DEBUG_INFORMATION_FORMAT = dwarf;
				ENABLE_STRICT_OBJC_MSGSEND = YES;
				ENABLE_TESTABILITY = YES;
				GCC_C_LANGUAGE_STANDARD = gnu11;
				GCC_DYNAMIC_NO_PIC = NO;
				GCC_NO_COMMON_BLOCKS = YES;
				GCC_OPTIMIZATION_LEVEL = 0;
				GCC_PREPROCESSOR_DEFINITIONS = (
					"DEBUG=1",
					"$(inherited)",
				);
				GCC_WARN_64_TO_32_BIT_CONVERSION = YES;
				GCC_WARN_ABOUT_RETURN_TYPE = YES_ERROR;
				GCC_WARN_UNDECLARED_SELECTOR = YES;
				GCC_WARN_UNINITIALIZED_AUTOS = YES_AGGRESSIVE;
				GCC_WARN_UNUSED_FUNCTION = YES;
				GCC_WARN_UNUSED_VARIABLE = YES;
				MACOSX_DEPLOYMENT_TARGET = 10.14;
				MTL_ENABLE_DEBUG_INFO = INCLUDE_SOURCE;
				MTL_FAST_MATH = YES;
				ONLY_ACTIVE_ARCH = YES;
				SDKROOT = macosx;
				SWIFT_ACTIVE_COMPILATION_CONDITIONS = DEBUG;
				SWIFT_OPTIMIZATION_LEVEL = "-Onone";
			};
			name = Debug;
		};
		7EE8220B223BF8410094C643 /* Release */ = {
			isa = XCBuildConfiguration;
			buildSettings = {
				ALWAYS_SEARCH_USER_PATHS = NO;
				CLANG_ANALYZER_NONNULL = YES;
				CLANG_ANALYZER_NUMBER_OBJECT_CONVERSION = YES_AGGRESSIVE;
				CLANG_CXX_LANGUAGE_STANDARD = "gnu++14";
				CLANG_CXX_LIBRARY = "libc++";
				CLANG_ENABLE_MODULES = YES;
				CLANG_ENABLE_OBJC_ARC = YES;
				CLANG_ENABLE_OBJC_WEAK = YES;
				CLANG_WARN_BLOCK_CAPTURE_AUTORELEASING = YES;
				CLANG_WARN_BOOL_CONVERSION = YES;
				CLANG_WARN_COMMA = YES;
				CLANG_WARN_CONSTANT_CONVERSION = YES;
				CLANG_WARN_DEPRECATED_OBJC_IMPLEMENTATIONS = YES;
				CLANG_WARN_DIRECT_OBJC_ISA_USAGE = YES_ERROR;
				CLANG_WARN_DOCUMENTATION_COMMENTS = YES;
				CLANG_WARN_EMPTY_BODY = YES;
				CLANG_WARN_ENUM_CONVERSION = YES;
				CLANG_WARN_INFINITE_RECURSION = YES;
				CLANG_WARN_INT_CONVERSION = YES;
				CLANG_WARN_NON_LITERAL_NULL_CONVERSION = YES;
				CLANG_WARN_OBJC_IMPLICIT_RETAIN_SELF = YES;
				CLANG_WARN_OBJC_LITERAL_CONVERSION = YES;
				CLANG_WARN_OBJC_ROOT_CLASS = YES_ERROR;
				CLANG_WARN_RANGE_LOOP_ANALYSIS = YES;
				CLANG_WARN_STRICT_PROTOTYPES = YES;
				CLANG_WARN_SUSPICIOUS_MOVE = YES;
				CLANG_WARN_UNGUARDED_AVAILABILITY = YES_AGGRESSIVE;
				CLANG_WARN_UNREACHABLE_CODE = YES;
				CLANG_WARN__DUPLICATE_METHOD_MATCH = YES;
				CODE_SIGN_IDENTITY = "Mac Developer";
				COPY_PHASE_STRIP = NO;
				DEBUG_INFORMATION_FORMAT = "dwarf-with-dsym";
				ENABLE_NS_ASSERTIONS = NO;
				ENABLE_STRICT_OBJC_MSGSEND = YES;
				GCC_C_LANGUAGE_STANDARD = gnu11;
				GCC_NO_COMMON_BLOCKS = YES;
				GCC_WARN_64_TO_32_BIT_CONVERSION = YES;
				GCC_WARN_ABOUT_RETURN_TYPE = YES_ERROR;
				GCC_WARN_UNDECLARED_SELECTOR = YES;
				GCC_WARN_UNINITIALIZED_AUTOS = YES_AGGRESSIVE;
				GCC_WARN_UNUSED_FUNCTION = YES;
				GCC_WARN_UNUSED_VARIABLE = YES;
				MACOSX_DEPLOYMENT_TARGET = 10.14;
				MTL_ENABLE_DEBUG_INFO = NO;
				MTL_FAST_MATH = YES;
				SDKROOT = macosx;
				SWIFT_COMPILATION_MODE = wholemodule;
				SWIFT_OPTIMIZATION_LEVEL = "-O";
			};
			name = Release;
		};
		7EE8220D223BF8410094C643 /* Debug */ = {
			isa = XCBuildConfiguration;
			buildSettings = {
				ASSETCATALOG_COMPILER_APPICON_NAME = AppIcon;
				CODE_SIGN_ENTITLEMENTS = "RJ Downloader/RJ Downloader.entitlements";
				CODE_SIGN_STYLE = Automatic;
				COMBINE_HIDPI_IMAGES = YES;
				DEVELOPMENT_TEAM = V36A5N26AB;
				INFOPLIST_FILE = "RJ Downloader/Info.plist";
				LD_RUNPATH_SEARCH_PATHS = (
					"$(inherited)",
					"@executable_path/../Frameworks",
				);
				PRODUCT_BUNDLE_IDENTIFIER = com.imanx.github.rjdownloader;
				PRODUCT_NAME = "$(TARGET_NAME)";
				SWIFT_VERSION = 4.2;
			};
			name = Debug;
		};
		7EE8220E223BF8410094C643 /* Release */ = {
			isa = XCBuildConfiguration;
			buildSettings = {
				ASSETCATALOG_COMPILER_APPICON_NAME = AppIcon;
				CODE_SIGN_ENTITLEMENTS = "RJ Downloader/RJ Downloader.entitlements";
				CODE_SIGN_STYLE = Automatic;
				COMBINE_HIDPI_IMAGES = YES;
				DEVELOPMENT_TEAM = V36A5N26AB;
				INFOPLIST_FILE = "RJ Downloader/Info.plist";
				LD_RUNPATH_SEARCH_PATHS = (
					"$(inherited)",
					"@executable_path/../Frameworks",
				);
				PRODUCT_BUNDLE_IDENTIFIER = com.imanx.github.rjdownloader;
				PRODUCT_NAME = "$(TARGET_NAME)";
				SWIFT_VERSION = 4.2;
			};
			name = Release;
		};
/* End XCBuildConfiguration section */

/* Begin XCConfigurationList section */
		7EE821F4223BF83F0094C643 /* Build configuration list for PBXProject "RJ Downloader" */ = {
			isa = XCConfigurationList;
			buildConfigurations = (
				7EE8220A223BF8410094C643 /* Debug */,
				7EE8220B223BF8410094C643 /* Release */,
			);
			defaultConfigurationIsVisible = 0;
			defaultConfigurationName = Release;
		};
		7EE8220C223BF8410094C643 /* Build configuration list for PBXNativeTarget "RJ Downloader" */ = {
			isa = XCConfigurationList;
			buildConfigurations = (
				7EE8220D223BF8410094C643 /* Debug */,
				7EE8220E223BF8410094C643 /* Release */,
			);
			defaultConfigurationIsVisible = 0;
			defaultConfigurationName = Release;
		};
/* End XCConfigurationList section */

/* Begin XCVersionGroup section */
		7EE82200223BF8400094C643 /* RJ_Downloader.xcdatamodeld */ = {
			isa = XCVersionGroup;
			children = (
				7EE82201223BF8400094C643 /* RJ_Downloader.xcdatamodel */,
			);
			currentVersion = 7EE82201223BF8400094C643 /* RJ_Downloader.xcdatamodel */;
			path = RJ_Downloader.xcdatamodeld;
			sourceTree = "<group>";
			versionGroupType = wrapper.xcdatamodel;
		};
/* End XCVersionGroup section */
	};
	rootObject = 7EE821F1223BF83F0094C643 /* Project object */;
}
